{
  "version": 4,
  "terraform_version": "1.1.3",
  "serial": 732,
  "lineage": "6a9c8fa8-e140-e8e4-143b-c47cd987e0eb",
  "outputs": {},
  "resources": [
    {
      "mode": "data",
      "type": "akeyless_secret",
      "name": "nsxtsecret",
      "provider": "provider[\"registry.terraform.io/akeyless-community/akeyless\"]",
      "instances": [
        {
          "schema_version": 0,
          "attributes": {
            "id": "/personal-keys/ribarski/nsxtpoc/nsxtsecret",
            "path": "/personal-keys/ribarski/nsxtpoc/nsxtsecret",
            "value": "P@$sw0rdP@$sw0rd",
            "version": 0
          },
          "sensitive_attributes": []
        }
      ]
    },
    {
      "mode": "data",
      "type": "akeyless_secret",
      "name": "nsxtsrv",
      "provider": "provider[\"registry.terraform.io/akeyless-community/akeyless\"]",
      "instances": [
        {
          "schema_version": 0,
          "attributes": {
            "id": "/personal-keys/ribarski/nsxtpoc/nsxtsrv",
            "path": "/personal-keys/ribarski/nsxtpoc/nsxtsrv",
            "value": "10.128.12.19",
            "version": 0
          },
          "sensitive_attributes": []
        }
      ]
    },
    {
      "mode": "data",
      "type": "akeyless_secret",
      "name": "nsxtuser",
      "provider": "provider[\"registry.terraform.io/akeyless-community/akeyless\"]",
      "instances": [
        {
          "schema_version": 0,
          "attributes": {
            "id": "/personal-keys/ribarski/nsxtpoc/nsxtuser",
            "path": "/personal-keys/ribarski/nsxtpoc/nsxtuser",
            "value": "admin",
            "version": 0
          },
          "sensitive_attributes": []
        }
      ]
    },
    {
      "mode": "data",
      "type": "akeyless_secret",
      "name": "vcsecret",
      "provider": "provider[\"registry.terraform.io/akeyless-community/akeyless\"]",
      "instances": [
        {
          "schema_version": 0,
          "attributes": {
            "id": "/personal-keys/ribarski/nsxtpoc/vcsecret",
            "path": "/personal-keys/ribarski/nsxtpoc/vcsecret",
            "value": "Progress@123",
            "version": 0
          },
          "sensitive_attributes": []
        }
      ]
    },
    {
      "mode": "data",
      "type": "akeyless_secret",
      "name": "vcsrv",
      "provider": "provider[\"registry.terraform.io/akeyless-community/akeyless\"]",
      "instances": [
        {
          "schema_version": 0,
          "attributes": {
            "id": "/personal-keys/ribarski/nsxtpoc/vcsrv",
            "path": "/personal-keys/ribarski/nsxtpoc/vcsrv",
            "value": "172.16.25.68",
            "version": 0
          },
          "sensitive_attributes": []
        }
      ]
    },
    {
      "mode": "data",
      "type": "akeyless_secret",
      "name": "vcuser",
      "provider": "provider[\"registry.terraform.io/akeyless-community/akeyless\"]",
      "instances": [
        {
          "schema_version": 0,
          "attributes": {
            "id": "/personal-keys/ribarski/nsxtpoc/vcuser",
            "path": "/personal-keys/ribarski/nsxtpoc/vcuser",
            "value": "grib_svc@vsphere.local",
            "version": 0
          },
          "sensitive_attributes": []
        }
      ]
    },
    {
      "module": "module.t1gw",
      "mode": "data",
      "type": "nsxt_policy_dhcp_server",
      "name": "dhcp",
      "provider": "provider[\"registry.terraform.io/vmware/nsxt\"]",
      "instances": [
        {
          "schema_version": 0,
          "attributes": {
            "description": "",
            "display_name": "global-nsx-dhcp-service",
            "id": "global-nsx-dhcp-service",
            "path": "/infra/dhcp-server-configs/global-nsx-dhcp-service"
          },
          "sensitive_attributes": []
        }
      ]
    },
    {
      "module": "module.t1gw",
      "mode": "data",
      "type": "nsxt_policy_edge_cluster",
      "name": "edge_cluster",
      "provider": "provider[\"registry.terraform.io/vmware/nsxt\"]",
      "instances": [
        {
          "schema_version": 0,
          "attributes": {
            "description": "",
            "display_name": "psc-nsx-edgecl01",
            "id": "391b2ab7-6693-4ce1-b0d9-4ad167cafe73",
            "path": "/infra/sites/default/enforcement-points/default/edge-clusters/391b2ab7-6693-4ce1-b0d9-4ad167cafe73",
            "site_path": null
          },
          "sensitive_attributes": []
        }
      ]
    },
    {
      "module": "module.t1gw",
      "mode": "data",
      "type": "nsxt_policy_tier0_gateway",
      "name": "t0_gw",
      "provider": "provider[\"registry.terraform.io/vmware/nsxt\"]",
      "instances": [
        {
          "schema_version": 0,
          "attributes": {
            "description": "",
            "display_name": "psc-nsx-t0-gw",
            "edge_cluster_path": "/infra/sites/default/enforcement-points/default/edge-clusters/391b2ab7-6693-4ce1-b0d9-4ad167cafe73",
            "id": "_Tier-0_Gateway_Icon_psc-nsx-t0-gw_",
            "path": "/infra/tier-0s/_Tier-0_Gateway_Icon_psc-nsx-t0-gw_"
          },
          "sensitive_attributes": []
        }
      ]
    },
    {
      "module": "module.t1gw",
      "mode": "managed",
      "type": "nsxt_policy_tier1_gateway",
      "name": "t1_gw",
      "provider": "provider[\"registry.terraform.io/vmware/nsxt\"]",
      "instances": [
        {
          "schema_version": 0,
          "attributes": {
            "default_rule_logging": false,
            "description": "Terraform Deployed T1 GW",
            "dhcp_config_path": "/infra/dhcp-server-configs/global-nsx-dhcp-service",
            "display_name": "grib-t1-gw",
            "edge_cluster_path": "/infra/sites/default/enforcement-points/default/edge-clusters/391b2ab7-6693-4ce1-b0d9-4ad167cafe73",
            "egress_qos_profile_path": null,
            "enable_firewall": true,
            "enable_standby_relocation": false,
            "failover_mode": "PREEMPTIVE",
            "force_whitelisting": false,
            "id": "006d58f7-0637-4173-81af-61c25d76b7c6",
            "ingress_qos_profile_path": null,
            "intersite_config": null,
            "ipv6_dad_profile_path": "/infra/ipv6-dad-profiles/default",
            "ipv6_ndra_profile_path": "/infra/ipv6-ndra-profiles/default",
            "locale_service": [],
            "nsx_id": "006d58f7-0637-4173-81af-61c25d76b7c6",
            "path": "/infra/tier-1s/006d58f7-0637-4173-81af-61c25d76b7c6",
            "pool_allocation": "ROUTING",
            "revision": 0,
            "route_advertisement_rule": [],
            "route_advertisement_types": [
              "TIER1_CONNECTED",
              "TIER1_STATIC_ROUTES"
            ],
            "tag": [
              {
                "scope": "project",
                "tag": "terraform"
              }
            ],
            "tier0_path": "/infra/tier-0s/_Tier-0_Gateway_Icon_psc-nsx-t0-gw_"
          },
          "sensitive_attributes": [],
          "private": "bnVsbA==",
          "dependencies": [
            "data.akeyless_secret.nsxtsecret",
            "data.akeyless_secret.nsxtsrv",
            "data.akeyless_secret.nsxtuser",
            "module.t1gw.data.nsxt_policy_dhcp_server.dhcp",
            "module.t1gw.data.nsxt_policy_edge_cluster.edge_cluster",
            "module.t1gw.data.nsxt_policy_tier0_gateway.t0_gw"
          ]
        }
      ]
    },
    {
      "module": "module.web",
      "mode": "data",
      "type": "nsxt_policy_transport_zone",
      "name": "overlay_tz",
      "provider": "provider[\"registry.terraform.io/vmware/nsxt\"]",
      "instances": [
        {
          "schema_version": 0,
          "attributes": {
            "description": "",
            "display_name": "nsx-overlay-transportzone",
            "id": "1b3a2f36-bfd1-443e-a0f6-4de01abc963e",
            "is_default": true,
            "path": "/infra/sites/default/enforcement-points/default/transport-zones/1b3a2f36-bfd1-443e-a0f6-4de01abc963e",
            "site_path": null,
            "transport_type": "OVERLAY_STANDARD"
          },
          "sensitive_attributes": []
        }
      ]
    },
    {
      "module": "module.web",
      "mode": "data",
      "type": "vsphere_compute_cluster",
      "name": "cluster",
      "provider": "provider[\"registry.terraform.io/hashicorp/vsphere\"]",
      "instances": [
        {
          "schema_version": 0,
          "attributes": {
            "datacenter_id": "datacenter-21",
            "id": "domain-c538",
            "name": "NSX-POC",
            "resource_pool_id": "resgroup-539"
          },
          "sensitive_attributes": []
        }
      ]
    },
    {
      "module": "module.web",
      "mode": "data",
      "type": "vsphere_datacenter",
      "name": "datacenter",
      "provider": "provider[\"registry.terraform.io/hashicorp/vsphere\"]",
      "instances": [
        {
          "schema_version": 0,
          "attributes": {
            "id": "datacenter-21",
            "name": "TP-CorpIT"
          },
          "sensitive_attributes": []
        }
      ]
    },
    {
      "module": "module.web",
      "mode": "data",
      "type": "vsphere_datastore",
      "name": "datastore",
      "provider": "provider[\"registry.terraform.io/hashicorp/vsphere\"]",
      "instances": [
        {
          "schema_version": 0,
          "attributes": {
            "datacenter_id": "datacenter-21",
            "id": "datastore-532",
            "name": "MAR-VRA-DS02"
          },
          "sensitive_attributes": []
        }
      ]
    },
    {
      "module": "module.web",
      "mode": "data",
      "type": "vsphere_network",
      "name": "segment",
      "provider": "provider[\"registry.terraform.io/hashicorp/vsphere\"]",
      "instances": [
        {
          "schema_version": 0,
          "attributes": {
            "datacenter_id": "datacenter-21",
            "distributed_virtual_switch_uuid": null,
            "id": "network-o817",
            "name": "web",
            "type": "OpaqueNetwork"
          },
          "sensitive_attributes": []
        }
      ]
    },
    {
      "module": "module.web",
      "mode": "data",
      "type": "vsphere_virtual_machine",
      "name": "vm_template",
      "provider": "provider[\"registry.terraform.io/hashicorp/vsphere\"]",
      "instances": [
        {
          "schema_version": 0,
          "attributes": {
            "alternate_guest_name": "",
            "annotation": "",
            "boot_delay": 0,
            "boot_retry_delay": 10000,
            "boot_retry_enabled": false,
            "change_version": "2022-01-18T19:23:42.950297Z",
            "cpu_hot_add_enabled": true,
            "cpu_hot_remove_enabled": false,
            "cpu_limit": -1,
            "cpu_performance_counters_enabled": false,
            "cpu_reservation": 0,
            "cpu_share_count": 1000,
            "cpu_share_level": "normal",
            "datacenter_id": "datacenter-21",
            "disks": [
              {
                "eagerly_scrub": false,
                "label": "Hard disk 1",
                "size": 32,
                "thin_provisioned": true,
                "unit_number": 0
              }
            ],
            "efi_secure_boot_enabled": false,
            "enable_disk_uuid": false,
            "enable_logging": true,
            "ept_rvi_mode": "automatic",
            "extra_config": {},
            "firmware": "bios",
            "guest_id": "centos7_64Guest",
            "guest_ip_addresses": [],
            "hardware_version": 13,
            "hv_mode": "hvAuto",
            "id": "42129507-b596-5869-d754-4970bf5d2273",
            "ide_controller_scan_count": 2,
            "latency_sensitivity": "normal",
            "memory": 8192,
            "memory_hot_add_enabled": true,
            "memory_limit": -1,
            "memory_reservation": 0,
            "memory_share_count": 320,
            "memory_share_level": "normal",
            "name": "centos8_packer_template",
            "nested_hv_enabled": false,
            "network_interface_types": [
              "vmxnet3"
            ],
            "network_interfaces": [
              {
                "adapter_type": "vmxnet3",
                "bandwidth_limit": -1,
                "bandwidth_reservation": 0,
                "bandwidth_share_count": 50,
                "bandwidth_share_level": "normal",
                "mac_address": "00:50:56:92:79:33",
                "network_id": "network-250"
              }
            ],
            "num_cores_per_socket": 1,
            "num_cpus": 2,
            "replace_trigger": null,
            "run_tools_scripts_after_power_on": true,
            "run_tools_scripts_after_resume": true,
            "run_tools_scripts_before_guest_reboot": false,
            "run_tools_scripts_before_guest_shutdown": true,
            "run_tools_scripts_before_guest_standby": true,
            "sata_controller_scan_count": 0,
            "scsi_bus_sharing": "noSharing",
            "scsi_controller_scan_count": 1,
            "scsi_type": "pvscsi",
            "storage_policy_id": null,
            "swap_placement_policy": "inherit",
            "sync_time_with_host": false,
            "sync_time_with_host_periodically": null,
            "uuid": "42129507-b596-5869-d754-4970bf5d2273",
            "vapp": null,
            "vapp_transport": [],
            "vbs_enabled": false,
            "vvtd_enabled": false
          },
          "sensitive_attributes": []
        }
      ]
    },
    {
      "module": "module.web",
      "mode": "managed",
      "type": "nsxt_policy_group",
      "name": "nsxt_group",
      "provider": "provider[\"registry.terraform.io/vmware/nsxt\"]",
      "instances": [
        {
          "schema_version": 0,
          "attributes": {
            "conjunction": [],
            "criteria": [
              {
                "condition": [
                  {
                    "key": "Tag",
                    "member_type": "VirtualMachine",
                    "operator": "CONTAINS",
                    "value": "Web"
                  }
                ],
                "ipaddress_expression": [],
                "macaddress_expression": [],
                "path_expression": []
              }
            ],
            "description": "Autogenerate Group for VMs with the defined tag",
            "display_name": "Web",
            "domain": "default",
            "extended_criteria": [],
            "id": "25c427a5-43cd-46d4-97e7-801a4c420c00",
            "nsx_id": "25c427a5-43cd-46d4-97e7-801a4c420c00",
            "path": "/infra/domains/default/groups/25c427a5-43cd-46d4-97e7-801a4c420c00",
            "revision": 0,
            "tag": [
              {
                "scope": "project",
                "tag": "terraform"
              }
            ]
          },
          "sensitive_attributes": [],
          "private": "bnVsbA==",
          "dependencies": [
            "data.akeyless_secret.nsxtsecret",
            "data.akeyless_secret.nsxtsrv",
            "data.akeyless_secret.nsxtuser"
          ]
        }
      ]
    },
    {
      "module": "module.web",
      "mode": "managed",
      "type": "nsxt_policy_segment",
      "name": "segment",
      "provider": "provider[\"registry.terraform.io/vmware/nsxt\"]",
      "instances": [
        {
          "schema_version": 0,
          "attributes": {
            "advanced_config": [],
            "connectivity_path": "/infra/tier-1s/006d58f7-0637-4173-81af-61c25d76b7c6",
            "description": "Web Segment",
            "dhcp_config_path": "",
            "discovery_profile": [],
            "display_name": "web",
            "domain_name": "",
            "id": "6d332b5e-2b24-4f47-b104-215850412485",
            "l2_extension": [],
            "nsx_id": "6d332b5e-2b24-4f47-b104-215850412485",
            "overlay_id": 0,
            "path": "/infra/segments/6d332b5e-2b24-4f47-b104-215850412485",
            "qos_profile": [],
            "revision": 0,
            "security_profile": [],
            "subnet": [
              {
                "cidr": "10.65.52.1/25",
                "dhcp_ranges": [
                  "10.65.52.10-10.65.52.120"
                ],
                "dhcp_v4_config": [
                  {
                    "dhcp_generic_option": [],
                    "dhcp_option_121": [],
                    "dns_servers": [
                      "10.128.10.201",
                      "10.128.10.202"
                    ],
                    "lease_time": 86400,
                    "server_address": ""
                  }
                ],
                "dhcp_v6_config": [],
                "network": "10.65.52.0/25"
              }
            ],
            "tag": [
              {
                "scope": "Tier",
                "tag": "Web"
              },
              {
                "scope": "project",
                "tag": "terraform"
              }
            ],
            "transport_zone_path": "/infra/sites/default/enforcement-points/default/transport-zones/1b3a2f36-bfd1-443e-a0f6-4de01abc963e",
            "vlan_ids": null
          },
          "sensitive_attributes": [],
          "private": "bnVsbA==",
          "dependencies": [
            "data.akeyless_secret.nsxtsecret",
            "data.akeyless_secret.nsxtsrv",
            "data.akeyless_secret.nsxtuser",
            "module.t1gw.data.nsxt_policy_dhcp_server.dhcp",
            "module.t1gw.data.nsxt_policy_edge_cluster.edge_cluster",
            "module.t1gw.data.nsxt_policy_tier0_gateway.t0_gw",
            "module.t1gw.nsxt_policy_tier1_gateway.t1_gw",
            "module.web.data.nsxt_policy_transport_zone.overlay_tz"
          ]
        }
      ]
    },
    {
      "module": "module.web",
      "mode": "managed",
      "type": "nsxt_policy_vm_tags",
      "name": "vm_tag",
      "provider": "provider[\"registry.terraform.io/vmware/nsxt\"]",
      "instances": [
        {
          "index_key": 0,
          "schema_version": 0,
          "attributes": {
            "id": "5012c3e0-a29d-c6f6-d9ee-b5bc81bca8ee",
            "instance_id": "42128975-3113-5136-4227-eff379437414",
            "port": [],
            "tag": [
              {
                "scope": "Tier",
                "tag": "Web"
              },
              {
                "scope": "project",
                "tag": "terraform"
              }
            ]
          },
          "sensitive_attributes": [],
          "private": "bnVsbA==",
          "dependencies": [
            "data.akeyless_secret.nsxtsecret",
            "data.akeyless_secret.nsxtsrv",
            "data.akeyless_secret.nsxtuser",
            "data.akeyless_secret.vcsecret",
            "data.akeyless_secret.vcsrv",
            "data.akeyless_secret.vcuser",
            "module.web.data.vsphere_compute_cluster.cluster",
            "module.web.data.vsphere_datacenter.datacenter",
            "module.web.data.vsphere_datastore.datastore",
            "module.web.data.vsphere_network.segment",
            "module.web.data.vsphere_virtual_machine.vm_template",
            "module.web.null_resource.previous",
            "module.web.time_sleep.wait_30_seconds",
            "module.web.vsphere_tag.tag",
            "module.web.vsphere_tag_category.category",
            "module.web.vsphere_virtual_machine.vm"
          ]
        },
        {
          "index_key": 1,
          "schema_version": 0,
          "attributes": {
            "id": "50128fd5-5d72-b33b-0e20-cf14b33f807a",
            "instance_id": "4212a5d4-fcd0-5e09-5c79-b9fef129dd05",
            "port": [],
            "tag": [
              {
                "scope": "Tier",
                "tag": "Web"
              },
              {
                "scope": "project",
                "tag": "terraform"
              }
            ]
          },
          "sensitive_attributes": [],
          "private": "bnVsbA==",
          "dependencies": [
            "data.akeyless_secret.nsxtsecret",
            "data.akeyless_secret.nsxtsrv",
            "data.akeyless_secret.nsxtuser",
            "data.akeyless_secret.vcsecret",
            "data.akeyless_secret.vcsrv",
            "data.akeyless_secret.vcuser",
            "module.web.data.vsphere_compute_cluster.cluster",
            "module.web.data.vsphere_datacenter.datacenter",
            "module.web.data.vsphere_datastore.datastore",
            "module.web.data.vsphere_network.segment",
            "module.web.data.vsphere_virtual_machine.vm_template",
            "module.web.null_resource.previous",
            "module.web.time_sleep.wait_30_seconds",
            "module.web.vsphere_tag.tag",
            "module.web.vsphere_tag_category.category",
            "module.web.vsphere_virtual_machine.vm"
          ]
        }
      ]
    },
    {
      "module": "module.web",
      "mode": "managed",
      "type": "null_resource",
      "name": "previous",
      "provider": "provider[\"registry.terraform.io/hashicorp/null\"]",
      "instances": [
        {
          "schema_version": 0,
          "attributes": {
            "id": "5830482297441279541",
            "triggers": null
          },
          "sensitive_attributes": [],
          "private": "bnVsbA=="
        }
      ]
    },
    {
      "module": "module.web",
      "mode": "managed",
      "type": "time_sleep",
      "name": "wait_30_seconds",
      "provider": "provider[\"registry.terraform.io/hashicorp/time\"]",
      "instances": [
        {
          "schema_version": 0,
          "attributes": {
            "create_duration": "30s",
            "destroy_duration": null,
            "id": "2022-01-19T11:19:14Z",
            "triggers": null
          },
          "sensitive_attributes": [],
          "private": "bnVsbA==",
          "dependencies": [
            "module.web.null_resource.previous"
          ]
        }
      ]
    },
    {
      "module": "module.web",
      "mode": "managed",
      "type": "vsphere_tag",
      "name": "tag",
      "provider": "provider[\"registry.terraform.io/hashicorp/vsphere\"]",
      "instances": [
        {
          "schema_version": 0,
          "attributes": {
            "category_id": "urn:vmomi:InventoryServiceCategory:1a4d4002-2af3-4a4a-895c-6363a8fadfe5:GLOBAL",
            "description": "Managed by Terraform",
            "id": "urn:vmomi:InventoryServiceTag:dc6b85f8-b780-4eb3-aee5-3d1725ed5925:GLOBAL",
            "name": "Web"
          },
          "sensitive_attributes": [],
          "private": "bnVsbA==",
          "dependencies": [
            "data.akeyless_secret.vcsecret",
            "data.akeyless_secret.vcsrv",
            "data.akeyless_secret.vcuser",
            "module.web.vsphere_tag_category.category"
          ]
        }
      ]
    },
    {
      "module": "module.web",
      "mode": "managed",
      "type": "vsphere_tag_category",
      "name": "category",
      "provider": "provider[\"registry.terraform.io/hashicorp/vsphere\"]",
      "instances": [
        {
          "schema_version": 0,
          "attributes": {
            "associable_types": [
              "Datastore",
              "VirtualMachine"
            ],
            "cardinality": "SINGLE",
            "description": "Managed by Terraform",
            "id": "urn:vmomi:InventoryServiceCategory:1a4d4002-2af3-4a4a-895c-6363a8fadfe5:GLOBAL",
            "name": "Tier"
          },
          "sensitive_attributes": [],
          "private": "bnVsbA==",
          "dependencies": [
            "data.akeyless_secret.vcsecret",
            "data.akeyless_secret.vcsrv",
            "data.akeyless_secret.vcuser"
          ]
        }
      ]
    },
    {
      "module": "module.web",
      "mode": "managed",
      "type": "vsphere_virtual_machine",
      "name": "vm",
      "provider": "provider[\"registry.terraform.io/hashicorp/vsphere\"]",
      "instances": [
        {
          "index_key": 0,
          "schema_version": 3,
          "attributes": {
            "alternate_guest_name": "",
            "annotation": "",
            "boot_delay": 0,
            "boot_retry_delay": 10000,
            "boot_retry_enabled": false,
            "cdrom": [],
            "change_version": "2022-01-19T11:25:56.533863Z",
            "clone": [
              {
                "customize": [
                  {
                    "dns_server_list": null,
                    "dns_suffix_list": null,
                    "ipv4_gateway": "",
                    "ipv6_gateway": "",
                    "linux_options": [
                      {
                        "domain": "localdomain",
                        "host_name": "web01",
                        "hw_clock_utc": true,
                        "time_zone": ""
                      }
                    ],
                    "network_interface": [
                      {
                        "dns_domain": null,
                        "dns_server_list": null,
                        "ipv4_address": null,
                        "ipv4_netmask": null,
                        "ipv6_address": null,
                        "ipv6_netmask": null
                      }
                    ],
                    "timeout": 45,
                    "windows_options": [],
                    "windows_sysprep_text": ""
                  }
                ],
                "linked_clone": true,
                "ovf_network_map": null,
                "ovf_storage_map": null,
                "template_uuid": "42129507-b596-5869-d754-4970bf5d2273",
                "timeout": 30
              }
            ],
            "cpu_hot_add_enabled": false,
            "cpu_hot_remove_enabled": false,
            "cpu_limit": -1,
            "cpu_performance_counters_enabled": false,
            "cpu_reservation": 0,
            "cpu_share_count": 2000,
            "cpu_share_level": "normal",
            "custom_attributes": null,
            "datacenter_id": null,
            "datastore_cluster_id": null,
            "datastore_id": "datastore-532",
            "default_ip_address": "10.65.52.11",
            "disk": [
              {
                "attach": false,
                "controller_type": "scsi",
                "datastore_id": "datastore-532",
                "device_address": "scsi:0:0",
                "disk_mode": "persistent",
                "disk_sharing": "sharingNone",
                "eagerly_scrub": false,
                "io_limit": -1,
                "io_reservation": 0,
                "io_share_count": 1000,
                "io_share_level": "normal",
                "keep_on_remove": false,
                "key": 2000,
                "label": "web",
                "path": "web01/web01.vmdk",
                "size": 32,
                "storage_policy_id": "",
                "thin_provisioned": true,
                "unit_number": 0,
                "uuid": "6000C299-0507-4540-4c4f-b5de1a363e40",
                "write_through": false
              }
            ],
            "efi_secure_boot_enabled": false,
            "enable_disk_uuid": false,
            "enable_logging": false,
            "ept_rvi_mode": "automatic",
            "extra_config": null,
            "firmware": "bios",
            "folder": "",
            "force_power_off": true,
            "guest_id": "centos7_64Guest",
            "guest_ip_addresses": [
              "10.65.52.11",
              "fe80::250:56ff:fe92:496"
            ],
            "hardware_version": 13,
            "host_system_id": "host-529",
            "hv_mode": "hvAuto",
            "id": "42128975-3113-5136-4227-eff379437414",
            "ide_controller_count": 2,
            "ignored_guest_ips": null,
            "imported": null,
            "latency_sensitivity": "normal",
            "memory": 8192,
            "memory_hot_add_enabled": false,
            "memory_limit": -1,
            "memory_reservation": 0,
            "memory_share_count": 81920,
            "memory_share_level": "normal",
            "migrate_wait_timeout": 30,
            "moid": "vm-818",
            "name": "web01",
            "nested_hv_enabled": false,
            "network_interface": [
              {
                "adapter_type": "vmxnet3",
                "bandwidth_limit": -1,
                "bandwidth_reservation": 0,
                "bandwidth_share_count": 50,
                "bandwidth_share_level": "normal",
                "device_address": "pci:0:7",
                "key": 4000,
                "mac_address": "00:50:56:92:04:96",
                "network_id": "network-o817",
                "ovf_mapping": "",
                "use_static_mac": false
              }
            ],
            "num_cores_per_socket": 1,
            "num_cpus": 2,
            "ovf_deploy": [],
            "pci_device_id": null,
            "poweron_timeout": 300,
            "reboot_required": false,
            "replace_trigger": null,
            "resource_pool_id": "resgroup-539",
            "run_tools_scripts_after_power_on": true,
            "run_tools_scripts_after_resume": true,
            "run_tools_scripts_before_guest_reboot": false,
            "run_tools_scripts_before_guest_shutdown": true,
            "run_tools_scripts_before_guest_standby": true,
            "sata_controller_count": 0,
            "scsi_bus_sharing": "noSharing",
            "scsi_controller_count": 1,
            "scsi_type": "pvscsi",
            "shutdown_wait_timeout": 3,
            "storage_policy_id": "",
            "swap_placement_policy": "inherit",
            "sync_time_with_host": false,
            "sync_time_with_host_periodically": null,
            "tags": [
              "urn:vmomi:InventoryServiceTag:dc6b85f8-b780-4eb3-aee5-3d1725ed5925:GLOBAL"
            ],
            "uuid": "42128975-3113-5136-4227-eff379437414",
            "vapp": [],
            "vapp_transport": [],
            "vbs_enabled": false,
            "vmware_tools_status": "guestToolsRunning",
            "vmx_path": "web01/web01.vmx",
            "vvtd_enabled": false,
            "wait_for_guest_ip_timeout": 0,
            "wait_for_guest_net_routable": true,
            "wait_for_guest_net_timeout": 5
          },
          "sensitive_attributes": [],
          "private": "eyJzY2hlbWFfdmVyc2lvbiI6IjMifQ==",
          "dependencies": [
            "data.akeyless_secret.vcsecret",
            "data.akeyless_secret.vcsrv",
            "data.akeyless_secret.vcuser",
            "module.web.data.vsphere_compute_cluster.cluster",
            "module.web.data.vsphere_datacenter.datacenter",
            "module.web.data.vsphere_datastore.datastore",
            "module.web.data.vsphere_network.segment",
            "module.web.data.vsphere_virtual_machine.vm_template",
            "module.web.null_resource.previous",
            "module.web.time_sleep.wait_30_seconds",
            "module.web.vsphere_tag.tag",
            "module.web.vsphere_tag_category.category"
          ]
        },
        {
          "index_key": 1,
          "schema_version": 3,
          "attributes": {
            "alternate_guest_name": "",
            "annotation": "",
            "boot_delay": 0,
            "boot_retry_delay": 10000,
            "boot_retry_enabled": false,
            "cdrom": [],
            "change_version": "2022-01-19T11:25:53.890955Z",
            "clone": [
              {
                "customize": [
                  {
                    "dns_server_list": null,
                    "dns_suffix_list": null,
                    "ipv4_gateway": "",
                    "ipv6_gateway": "",
                    "linux_options": [
                      {
                        "domain": "localdomain",
                        "host_name": "web02",
                        "hw_clock_utc": true,
                        "time_zone": ""
                      }
                    ],
                    "network_interface": [
                      {
                        "dns_domain": null,
                        "dns_server_list": null,
                        "ipv4_address": null,
                        "ipv4_netmask": null,
                        "ipv6_address": null,
                        "ipv6_netmask": null
                      }
                    ],
                    "timeout": 45,
                    "windows_options": [],
                    "windows_sysprep_text": ""
                  }
                ],
                "linked_clone": true,
                "ovf_network_map": null,
                "ovf_storage_map": null,
                "template_uuid": "42129507-b596-5869-d754-4970bf5d2273",
                "timeout": 30
              }
            ],
            "cpu_hot_add_enabled": false,
            "cpu_hot_remove_enabled": false,
            "cpu_limit": -1,
            "cpu_performance_counters_enabled": false,
            "cpu_reservation": 0,
            "cpu_share_count": 2000,
            "cpu_share_level": "normal",
            "custom_attributes": null,
            "datacenter_id": null,
            "datastore_cluster_id": null,
            "datastore_id": "datastore-532",
            "default_ip_address": "10.65.52.10",
            "disk": [
              {
                "attach": false,
                "controller_type": "scsi",
                "datastore_id": "datastore-532",
                "device_address": "scsi:0:0",
                "disk_mode": "persistent",
                "disk_sharing": "sharingNone",
                "eagerly_scrub": false,
                "io_limit": -1,
                "io_reservation": 0,
                "io_share_count": 1000,
                "io_share_level": "normal",
                "keep_on_remove": false,
                "key": 2000,
                "label": "web",
                "path": "web02/web02.vmdk",
                "size": 32,
                "storage_policy_id": "",
                "thin_provisioned": true,
                "unit_number": 0,
                "uuid": "6000C299-0507-4540-4c4f-b5de1a363e40",
                "write_through": false
              }
            ],
            "efi_secure_boot_enabled": false,
            "enable_disk_uuid": false,
            "enable_logging": false,
            "ept_rvi_mode": "automatic",
            "extra_config": null,
            "firmware": "bios",
            "folder": "",
            "force_power_off": true,
            "guest_id": "centos7_64Guest",
            "guest_ip_addresses": [
              "10.65.52.10",
              "fe80::250:56ff:fe92:5d64"
            ],
            "hardware_version": 13,
            "host_system_id": "host-535",
            "hv_mode": "hvAuto",
            "id": "4212a5d4-fcd0-5e09-5c79-b9fef129dd05",
            "ide_controller_count": 2,
            "ignored_guest_ips": null,
            "imported": null,
            "latency_sensitivity": "normal",
            "memory": 8192,
            "memory_hot_add_enabled": false,
            "memory_limit": -1,
            "memory_reservation": 0,
            "memory_share_count": 81920,
            "memory_share_level": "normal",
            "migrate_wait_timeout": 30,
            "moid": "vm-819",
            "name": "web02",
            "nested_hv_enabled": false,
            "network_interface": [
              {
                "adapter_type": "vmxnet3",
                "bandwidth_limit": -1,
                "bandwidth_reservation": 0,
                "bandwidth_share_count": 50,
                "bandwidth_share_level": "normal",
                "device_address": "pci:0:7",
                "key": 4000,
                "mac_address": "00:50:56:92:5d:64",
                "network_id": "network-o817",
                "ovf_mapping": "",
                "use_static_mac": false
              }
            ],
            "num_cores_per_socket": 1,
            "num_cpus": 2,
            "ovf_deploy": [],
            "pci_device_id": null,
            "poweron_timeout": 300,
            "reboot_required": false,
            "replace_trigger": null,
            "resource_pool_id": "resgroup-539",
            "run_tools_scripts_after_power_on": true,
            "run_tools_scripts_after_resume": true,
            "run_tools_scripts_before_guest_reboot": false,
            "run_tools_scripts_before_guest_shutdown": true,
            "run_tools_scripts_before_guest_standby": true,
            "sata_controller_count": 0,
            "scsi_bus_sharing": "noSharing",
            "scsi_controller_count": 1,
            "scsi_type": "pvscsi",
            "shutdown_wait_timeout": 3,
            "storage_policy_id": "",
            "swap_placement_policy": "inherit",
            "sync_time_with_host": false,
            "sync_time_with_host_periodically": null,
            "tags": [
              "urn:vmomi:InventoryServiceTag:dc6b85f8-b780-4eb3-aee5-3d1725ed5925:GLOBAL"
            ],
            "uuid": "4212a5d4-fcd0-5e09-5c79-b9fef129dd05",
            "vapp": [],
            "vapp_transport": [],
            "vbs_enabled": false,
            "vmware_tools_status": "guestToolsRunning",
            "vmx_path": "web02/web02.vmx",
            "vvtd_enabled": false,
            "wait_for_guest_ip_timeout": 0,
            "wait_for_guest_net_routable": true,
            "wait_for_guest_net_timeout": 5
          },
          "sensitive_attributes": [],
          "private": "eyJzY2hlbWFfdmVyc2lvbiI6IjMifQ==",
          "dependencies": [
            "data.akeyless_secret.vcsecret",
            "data.akeyless_secret.vcsrv",
            "data.akeyless_secret.vcuser",
            "module.web.data.vsphere_compute_cluster.cluster",
            "module.web.data.vsphere_datacenter.datacenter",
            "module.web.data.vsphere_datastore.datastore",
            "module.web.data.vsphere_network.segment",
            "module.web.data.vsphere_virtual_machine.vm_template",
            "module.web.null_resource.previous",
            "module.web.time_sleep.wait_30_seconds",
            "module.web.vsphere_tag.tag",
            "module.web.vsphere_tag_category.category"
          ]
        }
      ]
    },
    {
      "module": "module.web-fw",
      "mode": "data",
      "type": "nsxt_policy_security_policy",
      "name": "default_l3",
      "provider": "provider[\"registry.terraform.io/vmware/nsxt\"]",
      "instances": [
        {
          "schema_version": 0,
          "attributes": {
            "category": "Application",
            "description": "",
            "display_name": "Default Layer3 Section",
            "domain": "default",
            "id": "default-layer3-section",
            "is_default": true,
            "path": "/infra/domains/default/security-policies/default-layer3-section"
          },
          "sensitive_attributes": []
        }
      ]
    },
    {
      "module": "module.web-fw",
      "mode": "data",
      "type": "nsxt_policy_transport_zone",
      "name": "overlay_tz",
      "provider": "provider[\"registry.terraform.io/vmware/nsxt\"]",
      "instances": [
        {
          "schema_version": 0,
          "attributes": {
            "description": "",
            "display_name": "nsx-overlay-transportzone",
            "id": "1b3a2f36-bfd1-443e-a0f6-4de01abc963e",
            "is_default": true,
            "path": "/infra/sites/default/enforcement-points/default/transport-zones/1b3a2f36-bfd1-443e-a0f6-4de01abc963e",
            "site_path": null,
            "transport_type": "OVERLAY_STANDARD"
          },
          "sensitive_attributes": []
        }
      ]
    },
    {
      "module": "module.web-fw",
      "mode": "managed",
      "type": "nsxt_policy_security_policy",
      "name": "firewall_section",
      "provider": "provider[\"registry.terraform.io/vmware/nsxt\"]",
      "instances": [
        {
          "schema_version": 0,
          "attributes": {
            "category": "Application",
            "comments": "",
            "description": "Distributed Firewall for Web Group",
            "display_name": "Web",
            "domain": "default",
            "id": "2451ed7f-f7ed-4ccf-8572-b2f0a4719926",
            "locked": false,
            "nsx_id": "2451ed7f-f7ed-4ccf-8572-b2f0a4719926",
            "path": "/infra/domains/default/security-policies/2451ed7f-f7ed-4ccf-8572-b2f0a4719926",
            "revision": 0,
            "rule": [
              {
                "action": "DROP",
                "description": "",
                "destination_groups": [
                  "/infra/domains/default/groups/25c427a5-43cd-46d4-97e7-801a4c420c00"
                ],
                "destinations_excluded": false,
                "direction": "IN_OUT",
                "disabled": false,
                "display_name": "Microsegment",
                "ip_version": "IPV4_IPV6",
                "log_label": "",
                "logged": false,
                "notes": "",
                "nsx_id": "1ee1a3d9-9f90-4bb4-91fe-ab78d047a96d",
                "profiles": null,
                "revision": 0,
                "rule_id": 3140,
                "scope": null,
                "sequence_number": 0,
                "services": null,
                "source_groups": [
                  "/infra/domains/default/groups/25c427a5-43cd-46d4-97e7-801a4c420c00"
                ],
                "sources_excluded": false,
                "tag": []
              },
              {
                "action": "ALLOW",
                "description": "Allow all traffic to and from external networks",
                "destination_groups": null,
                "destinations_excluded": false,
                "direction": "IN_OUT",
                "disabled": false,
                "display_name": "External",
                "ip_version": "IPV4_IPV6",
                "log_label": "",
                "logged": false,
                "notes": "",
                "nsx_id": "bc937a43-1760-4b50-b960-c131159c6496",
                "profiles": null,
                "revision": 0,
                "rule_id": 3141,
                "scope": null,
                "sequence_number": 1,
                "services": null,
                "source_groups": null,
                "sources_excluded": false,
                "tag": []
              }
            ],
            "scope": null,
            "sequence_number": 0,
            "stateful": true,
            "tag": [
              {
                "scope": "Tier",
                "tag": "Web"
              },
              {
                "scope": "project",
                "tag": "terraform"
              }
            ],
            "tcp_strict": false
          },
          "sensitive_attributes": [],
          "private": "bnVsbA==",
          "dependencies": [
            "data.akeyless_secret.nsxtsecret",
            "data.akeyless_secret.nsxtsrv",
            "data.akeyless_secret.nsxtuser",
            "module.web.nsxt_policy_group.nsxt_group"
          ]
        }
      ]
    },
    {
      "module": "module.web-lb",
      "mode": "data",
      "type": "nsxt_policy_lb_app_profile",
      "name": "tcp",
      "provider": "provider[\"registry.terraform.io/vmware/nsxt\"]",
      "instances": [
        {
          "schema_version": 0,
          "attributes": {
            "description": "",
            "display_name": "default-tcp-lb-app-profile",
            "id": "default-tcp-lb-app-profile",
            "path": "/infra/lb-app-profiles/default-tcp-lb-app-profile",
            "type": "TCP"
          },
          "sensitive_attributes": []
        }
      ]
    },
    {
      "module": "module.web-lb",
      "mode": "managed",
      "type": "nsxt_policy_lb_pool",
      "name": "pool",
      "provider": "provider[\"registry.terraform.io/vmware/nsxt\"]",
      "instances": [
        {
          "schema_version": 0,
          "attributes": {
            "active_monitor_path": "/infra/lb-monitor-profiles/default-icmp-lb-monitor",
            "algorithm": "ROUND_ROBIN",
            "description": "Web Servers Pool",
            "display_name": "WebPool",
            "id": "365663f4-0cb5-4ebf-af61-d1a3fca73722",
            "member": [],
            "member_group": [
              {
                "allow_ipv4": true,
                "allow_ipv6": false,
                "group_path": "/infra/domains/default/groups/25c427a5-43cd-46d4-97e7-801a4c420c00",
                "max_ip_list_size": 0,
                "port": ""
              }
            ],
            "min_active_members": 1,
            "nsx_id": "365663f4-0cb5-4ebf-af61-d1a3fca73722",
            "passive_monitor_path": "",
            "path": "/infra/lb-pools/365663f4-0cb5-4ebf-af61-d1a3fca73722",
            "revision": 0,
            "snat": [
              {
                "ip_pool_addresses": null,
                "type": "AUTOMAP"
              }
            ],
            "tag": [
              {
                "scope": "Tier",
                "tag": "Web"
              },
              {
                "scope": "project",
                "tag": "terraform"
              }
            ],
            "tcp_multiplexing_enabled": false,
            "tcp_multiplexing_number": 0
          },
          "sensitive_attributes": [],
          "private": "bnVsbA==",
          "dependencies": [
            "data.akeyless_secret.nsxtsecret",
            "data.akeyless_secret.nsxtsrv",
            "data.akeyless_secret.nsxtuser",
            "module.web.nsxt_policy_group.nsxt_group"
          ]
        }
      ]
    },
    {
      "module": "module.web-lb",
      "mode": "managed",
      "type": "nsxt_policy_lb_service",
      "name": "lb",
      "provider": "provider[\"registry.terraform.io/vmware/nsxt\"]",
      "instances": [
        {
          "schema_version": 0,
          "attributes": {
            "connectivity_path": "/infra/tier-1s/006d58f7-0637-4173-81af-61c25d76b7c6",
            "description": "Web LB",
            "display_name": "web-lb}",
            "enabled": true,
            "error_log_level": "ERROR",
            "id": "18edb2ab-b754-4f7b-9242-a520514bbd19",
            "nsx_id": "18edb2ab-b754-4f7b-9242-a520514bbd19",
            "path": "/infra/lb-services/18edb2ab-b754-4f7b-9242-a520514bbd19",
            "revision": 0,
            "size": "SMALL",
            "tag": [
              {
                "scope": "Tier",
                "tag": "Web"
              },
              {
                "scope": "project",
                "tag": "terraform"
              }
            ]
          },
          "sensitive_attributes": [],
          "private": "bnVsbA==",
          "dependencies": [
            "data.akeyless_secret.nsxtsecret",
            "data.akeyless_secret.nsxtsrv",
            "data.akeyless_secret.nsxtuser",
            "module.t1gw.data.nsxt_policy_dhcp_server.dhcp",
            "module.t1gw.data.nsxt_policy_edge_cluster.edge_cluster",
            "module.t1gw.data.nsxt_policy_tier0_gateway.t0_gw",
            "module.t1gw.nsxt_policy_tier1_gateway.t1_gw"
          ]
        }
      ]
    },
    {
      "module": "module.web-lb",
      "mode": "managed",
      "type": "nsxt_policy_lb_virtual_server",
      "name": "vip",
      "provider": "provider[\"registry.terraform.io/vmware/nsxt\"]",
      "instances": [
        {
          "schema_version": 0,
          "attributes": {
            "access_list_control": [],
            "access_log_enabled": true,
            "application_profile_path": "/infra/lb-app-profiles/default-tcp-lb-app-profile",
            "client_ssl": [],
            "default_pool_member_ports": null,
            "description": "Web VIP",
            "display_name": "web-vip",
            "enabled": true,
            "id": "8a2a4398-435e-4477-bf0d-22de26f4f7ad",
            "ip_address": "10.65.52.5",
            "log_significant_event_only": false,
            "max_concurrent_connections": 0,
            "max_new_connection_rate": 0,
            "nsx_id": "8a2a4398-435e-4477-bf0d-22de26f4f7ad",
            "path": "/infra/lb-virtual-servers/8a2a4398-435e-4477-bf0d-22de26f4f7ad",
            "persistence_profile_path": "",
            "pool_path": "/infra/lb-pools/365663f4-0cb5-4ebf-af61-d1a3fca73722",
            "ports": [
              "80",
              "443"
            ],
            "revision": 0,
            "server_ssl": [],
            "service_path": "/infra/lb-services/18edb2ab-b754-4f7b-9242-a520514bbd19",
            "sorry_pool_path": "",
            "tag": [
              {
                "scope": "Tier",
                "tag": "Web"
              },
              {
                "scope": "project",
                "tag": "terraform"
              }
            ]
          },
          "sensitive_attributes": [],
          "private": "bnVsbA==",
          "dependencies": [
            "data.akeyless_secret.nsxtsecret",
            "data.akeyless_secret.nsxtsrv",
            "data.akeyless_secret.nsxtuser",
            "module.t1gw.data.nsxt_policy_dhcp_server.dhcp",
            "module.t1gw.data.nsxt_policy_edge_cluster.edge_cluster",
            "module.t1gw.data.nsxt_policy_tier0_gateway.t0_gw",
            "module.t1gw.nsxt_policy_tier1_gateway.t1_gw",
            "module.web-lb.data.nsxt_policy_lb_app_profile.tcp",
            "module.web-lb.nsxt_policy_lb_pool.pool",
            "module.web-lb.nsxt_policy_lb_service.lb",
            "module.web.nsxt_policy_group.nsxt_group"
          ]
        }
      ]
    }
  ]
}
